
Microsoft Visual Studio Solution File, Format Version 12.00
# Visual Studio 15
VisualStudioVersion = 15.0.28307.106
MinimumVisualStudioVersion = 10.0.40219.1
Project("{FAE04EC0-301F-11D3-BF4B-00C04F79EFBC}") = "Functions", "ConsoleApp5\Functions.csproj", "{0CEA6968-97F0-4B3F-86F3-2DF12AB4F702}"
EndProject
Global
	GlobalSection(SolutionConfigurationPlatforms) = preSolution
		Debug|Any CPU = Debug|Any CPU
		Release|Any CPU = Release|Any CPU
	EndGlobalSection
	GlobalSection(ProjectConfigurationPlatforms) = postSolution
		{0CEA6968-97F0-4B3F-86F3-2DF12AB4F702}.Debug|Any CPU.ActiveCfg = Debug|Any CPU
		{0CEA6968-97F0-4B3F-86F3-2DF12AB4F702}.Debug|Any CPU.Build.0 = Debug|Any CPU
		{0CEA6968-97F0-4B3F-86F3-2DF12AB4F702}.Release|Any CPU.ActiveCfg = Release|Any CPU
		{0CEA6968-97F0-4B3F-86F3-2DF12AB4F702}.Release|Any CPU.Build.0 = Release|Any CPU
	EndGlobalSection
	GlobalSection(SolutionProperties) = preSolution
		HideSolutionNode = FALSE
	EndGlobalSection
	GlobalSection(ExtensibilityGlobals) = postSolution
		SolutionGuid = {28518C52-05C2-477C-9DB9-08D6E145AC18}
	EndGlobalSection
EndGlobal
